
Microsoft Visual Studio Solution File, Format Version 12.00
# Visual Studio Version 16
VisualStudioVersion = 16.0.32126.315
MinimumVisualStudioVersion = 10.0.40219.1
Project("{FAE04EC0-301F-11D3-BF4B-00C04F79EFBC}") = "Wpf_MVVM_T12", "Wpf_MVVM_T12.csproj", "{5A31532A-EE02-4F86-8D10-2F0C5904A6BC}"
EndProject
Global
	GlobalSection(SolutionConfigurationPlatforms) = preSolution
		Debug|Any CPU = Debug|Any CPU
		Release|Any CPU = Release|Any CPU
	EndGlobalSection
	GlobalSection(ProjectConfigurationPlatforms) = postSolution
		{5A31532A-EE02-4F86-8D10-2F0C5904A6BC}.Debug|Any CPU.ActiveCfg = Debug|Any CPU
		{5A31532A-EE02-4F86-8D10-2F0C5904A6BC}.Debug|Any CPU.Build.0 = Debug|Any CPU
		{5A31532A-EE02-4F86-8D10-2F0C5904A6BC}.Release|Any CPU.ActiveCfg = Release|Any CPU
		{5A31532A-EE02-4F86-8D10-2F0C5904A6BC}.Release|Any CPU.Build.0 = Release|Any CPU
	EndGlobalSection
	GlobalSection(SolutionProperties) = preSolution
		HideSolutionNode = FALSE
	EndGlobalSection
	GlobalSection(ExtensibilityGlobals) = postSolution
		SolutionGuid = {D198610E-2F22-4551-9998-FCF503630A2B}
	EndGlobalSection
EndGlobal
