
Microsoft Visual Studio Solution File, Format Version 12.00
# Visual Studio Version 16
VisualStudioVersion = 16.0.32126.315
MinimumVisualStudioVersion = 10.0.40219.1
Project("{FAE04EC0-301F-11D3-BF4B-00C04F79EFBC}") = "WpfHelloT1", "WpfHelloT1.csproj", "{7173CE03-DE61-4E1C-914B-8298331AECB1}"
EndProject
Global
	GlobalSection(SolutionConfigurationPlatforms) = preSolution
		Debug|Any CPU = Debug|Any CPU
		Release|Any CPU = Release|Any CPU
	EndGlobalSection
	GlobalSection(ProjectConfigurationPlatforms) = postSolution
		{7173CE03-DE61-4E1C-914B-8298331AECB1}.Debug|Any CPU.ActiveCfg = Debug|Any CPU
		{7173CE03-DE61-4E1C-914B-8298331AECB1}.Debug|Any CPU.Build.0 = Debug|Any CPU
		{7173CE03-DE61-4E1C-914B-8298331AECB1}.Release|Any CPU.ActiveCfg = Release|Any CPU
		{7173CE03-DE61-4E1C-914B-8298331AECB1}.Release|Any CPU.Build.0 = Release|Any CPU
	EndGlobalSection
	GlobalSection(SolutionProperties) = preSolution
		HideSolutionNode = FALSE
	EndGlobalSection
	GlobalSection(ExtensibilityGlobals) = postSolution
		SolutionGuid = {20FCD435-FD79-4110-92EA-826B9344E0E1}
	EndGlobalSection
EndGlobal
