
Microsoft Visual Studio Solution File, Format Version 12.00
# Visual Studio Version 16
VisualStudioVersion = 16.0.32126.315
MinimumVisualStudioVersion = 10.0.40219.1
Project("{FAE04EC0-301F-11D3-BF4B-00C04F79EFBC}") = "Param_T12", "Param_T12.csproj", "{F72973C5-6368-4942-93F5-7AEC5AE820CD}"
EndProject
Global
	GlobalSection(SolutionConfigurationPlatforms) = preSolution
		Debug|Any CPU = Debug|Any CPU
		Release|Any CPU = Release|Any CPU
	EndGlobalSection
	GlobalSection(ProjectConfigurationPlatforms) = postSolution
		{F72973C5-6368-4942-93F5-7AEC5AE820CD}.Debug|Any CPU.ActiveCfg = Debug|Any CPU
		{F72973C5-6368-4942-93F5-7AEC5AE820CD}.Debug|Any CPU.Build.0 = Debug|Any CPU
		{F72973C5-6368-4942-93F5-7AEC5AE820CD}.Release|Any CPU.ActiveCfg = Release|Any CPU
		{F72973C5-6368-4942-93F5-7AEC5AE820CD}.Release|Any CPU.Build.0 = Release|Any CPU
	EndGlobalSection
	GlobalSection(SolutionProperties) = preSolution
		HideSolutionNode = FALSE
	EndGlobalSection
	GlobalSection(ExtensibilityGlobals) = postSolution
		SolutionGuid = {59819465-2681-4343-B088-7EDB1698EC95}
	EndGlobalSection
EndGlobal
